<?xml version="1.0" encoding="utf-8"?>
<Project ToolsVersion="4.0" xmlns="http://schemas.microsoft.com/developer/msbuild/2003">
  <ItemGroup>
    <Filter Include="Source Files">
      <UniqueIdentifier>{4FC737F1-C7A5-4376-A066-2A32D752A2FF}</UniqueIdentifier>
      <Extensions>cpp;c;cc;cxx;c++;cppm;ixx;def;odl;idl;hpj;bat;asm;asmx</Extensions>
    </Filter>
    <Filter Include="Header Files">
      <UniqueIdentifier>{93995380-89BD-4b04-88EB-625FBE52EBFB}</UniqueIdentifier>
      <Extensions>h;hh;hpp;hxx;h++;hm;inl;inc;ipp;xsd</Extensions>
    </Filter>
    <Filter Include="Resource Files">
      <UniqueIdentifier>{67DA6AB6-F800-4c08-8B7A-83BB121AAD01}</UniqueIdentifier>
      <Extensions>rc;ico;cur;bmp;dlg;rc2;rct;bin;rgs;gif;jpg;jpeg;jpe;resx;tiff;tif;png;wav;mfcribbon-ms</Extensions>
    </Filter>
  </ItemGroup>
  <ItemGroup>
    <ClCompile Include="testApp\main.cpp">
      <Filter>Source Files</Filter>
    </ClCompile>
    <ClCompile Include="library\dependencies\include\Gladstuff\glad\glad.c">
      <Filter>Source Files</Filter>
    </ClCompile>
    <ClCompile Include="library\view\window.cpp">
      <Filter>Source Files</Filter>
    </ClCompile>
    <ClCompile Include="library\view\scene.cpp">
      <Filter>Source Files</Filter>
    </ClCompile>
    <ClCompile Include="library\renderer.cpp">
      <Filter>Source Files</Filter>
    </ClCompile>
    <ClCompile Include="library\rendering\shader.cpp">
      <Filter>Source Files</Filter>
    </ClCompile>
    <ClCompile Include="library\rendering\glData.cpp">
      <Filter>Source Files</Filter>
    </ClCompile>
    <ClCompile Include="library\rendering\batch.cpp">
      <Filter>Source Files</Filter>
    </ClCompile>
    <ClCompile Include="library\rendererEssentials.cpp">
      <Filter>Source Files</Filter>
    </ClCompile>
    <ClCompile Include="library\model.cpp">
      <Filter>Source Files</Filter>
    </ClCompile>
    <ClCompile Include="library\math\transformer.cpp">
      <Filter>Source Files</Filter>
    </ClCompile>
    <ClCompile Include="library\rendering\material.cpp">
      <Filter>Source Files</Filter>
    </ClCompile>
    <ClCompile Include="library\math\shape.cpp">
      <Filter>Source Files</Filter>
    </ClCompile>
    <ClCompile Include="library\rendering\instance.cpp">
      <Filter>Source Files</Filter>
    </ClCompile>
    <ClCompile Include="library\rendering\texture.cpp">
      <Filter>Source Files</Filter>
    </ClCompile>
    <ClCompile Include="library\dependencies\include\STB\stb_image.cpp">
      <Filter>Source Files</Filter>
    </ClCompile>
  </ItemGroup>
  <ItemGroup>
    <ClInclude Include="library\view\window.h">
      <Filter>Header Files</Filter>
    </ClInclude>
    <ClInclude Include="library\view\scene.h">
      <Filter>Header Files</Filter>
    </ClInclude>
    <ClInclude Include="library\rendererEssentials.h">
      <Filter>Header Files</Filter>
    </ClInclude>
    <ClInclude Include="library\renderer.h">
      <Filter>Header Files</Filter>
    </ClInclude>
    <ClInclude Include="library\rendering\shader.h">
      <Filter>Header Files</Filter>
    </ClInclude>
    <ClInclude Include="library\rendering\glData.h">
      <Filter>Header Files</Filter>
    </ClInclude>
    <ClInclude Include="library\rendering\batch.h">
      <Filter>Header Files</Filter>
    </ClInclude>
    <ClInclude Include="library\model.h">
      <Filter>Header Files</Filter>
    </ClInclude>
    <ClInclude Include="library\math\transformer.h">
      <Filter>Header Files</Filter>
    </ClInclude>
    <ClInclude Include="library\rendering\material.h">
      <Filter>Header Files</Filter>
    </ClInclude>
    <ClInclude Include="library\math\shape.h">
      <Filter>Header Files</Filter>
    </ClInclude>
    <ClInclude Include="library\rendering\instance.h">
      <Filter>Header Files</Filter>
    </ClInclude>
    <ClInclude Include="library\rendering\texture.h">
      <Filter>Header Files</Filter>
    </ClInclude>
  </ItemGroup>
  <ItemGroup>
    <None Include="assets\shaders\basicShader.shader" />
    <None Include="assets\shaders\basicShaderTextured.shader" />
  </ItemGroup>
</Project>